
Microsoft Visual Studio Solution File, Format Version 12.00
# Visual Studio Version 17
VisualStudioVersion = 17.8.34330.188
MinimumVisualStudioVersion = 10.0.40219.1
Project("{9A19103F-16F7-4668-BE54-9A1E7A4F7556}") = "VotingApp", "VotingApp.csproj", "{8F4C8190-5956-442D-A0B5-9CB3D73B9CF6}"
EndProject
Project("{54A90642-561A-4BB1-A94E-469ADEE60C69}") = "VotingAppWeb", "..\VotingAppWeb\VotingAppWeb.esproj", "{FD8462B7-6CC5-4878-980B-A08BDF03B386}"
EndProject
Global
	GlobalSection(SolutionConfigurationPlatforms) = preSolution
		Debug|Any CPU = Debug|Any CPU
		Release|Any CPU = Release|Any CPU
	EndGlobalSection
	GlobalSection(ProjectConfigurationPlatforms) = postSolution
		{8F4C8190-5956-442D-A0B5-9CB3D73B9CF6}.Debug|Any CPU.ActiveCfg = Debug|Any CPU
		{8F4C8190-5956-442D-A0B5-9CB3D73B9CF6}.Debug|Any CPU.Build.0 = Debug|Any CPU
		{8F4C8190-5956-442D-A0B5-9CB3D73B9CF6}.Release|Any CPU.ActiveCfg = Release|Any CPU
		{8F4C8190-5956-442D-A0B5-9CB3D73B9CF6}.Release|Any CPU.Build.0 = Release|Any CPU
		{FD8462B7-6CC5-4878-980B-A08BDF03B386}.Debug|Any CPU.ActiveCfg = Debug|Any CPU
		{FD8462B7-6CC5-4878-980B-A08BDF03B386}.Debug|Any CPU.Build.0 = Debug|Any CPU
		{FD8462B7-6CC5-4878-980B-A08BDF03B386}.Debug|Any CPU.Deploy.0 = Debug|Any CPU
		{FD8462B7-6CC5-4878-980B-A08BDF03B386}.Release|Any CPU.ActiveCfg = Release|Any CPU
		{FD8462B7-6CC5-4878-980B-A08BDF03B386}.Release|Any CPU.Build.0 = Release|Any CPU
		{FD8462B7-6CC5-4878-980B-A08BDF03B386}.Release|Any CPU.Deploy.0 = Release|Any CPU
	EndGlobalSection
	GlobalSection(SolutionProperties) = preSolution
		HideSolutionNode = FALSE
	EndGlobalSection
	GlobalSection(ExtensibilityGlobals) = postSolution
		SolutionGuid = {D4CDDBD4-3E77-4C26-96B0-E11847CF253C}
	EndGlobalSection
EndGlobal
